
Microsoft Visual Studio Solution File, Format Version 12.00
# Visual Studio Version 16
VisualStudioVersion = 16.0.31205.134
MinimumVisualStudioVersion = 10.0.40219.1
Project("{9A19103F-16F7-4668-BE54-9A1E7A4F7556}") = "BuildScript", "BuildScript\BuildScript.csproj", "{C33B0872-972C-4DD9-8CCE-8BD10A51C773}"
EndProject
Project("{FAE04EC0-301F-11D3-BF4B-00C04F79EFBC}") = "ClassLibrary1", "ClassLibrary1\ClassLibrary1.csproj", "{582DD9DD-5546-4740-9EE8-9132F8C9B006}"
EndProject
Global
	GlobalSection(SolutionConfigurationPlatforms) = preSolution
		Debug|Any CPU = Debug|Any CPU
		Release|Any CPU = Release|Any CPU
	EndGlobalSection
	GlobalSection(ProjectConfigurationPlatforms) = postSolution
		{C33B0872-972C-4DD9-8CCE-8BD10A51C773}.Debug|Any CPU.ActiveCfg = Debug|Any CPU
		{C33B0872-972C-4DD9-8CCE-8BD10A51C773}.Debug|Any CPU.Build.0 = Debug|Any CPU
		{C33B0872-972C-4DD9-8CCE-8BD10A51C773}.Release|Any CPU.ActiveCfg = Release|Any CPU
		{C33B0872-972C-4DD9-8CCE-8BD10A51C773}.Release|Any CPU.Build.0 = Release|Any CPU
		{582DD9DD-5546-4740-9EE8-9132F8C9B006}.Debug|Any CPU.ActiveCfg = Debug|Any CPU
		{582DD9DD-5546-4740-9EE8-9132F8C9B006}.Debug|Any CPU.Build.0 = Debug|Any CPU
		{582DD9DD-5546-4740-9EE8-9132F8C9B006}.Release|Any CPU.ActiveCfg = Release|Any CPU
		{582DD9DD-5546-4740-9EE8-9132F8C9B006}.Release|Any CPU.Build.0 = Release|Any CPU
	EndGlobalSection
	GlobalSection(SolutionProperties) = preSolution
		HideSolutionNode = FALSE
	EndGlobalSection
	GlobalSection(ExtensibilityGlobals) = postSolution
		SolutionGuid = {502FF756-B7DA-41DC-B038-007B159F87C5}
	EndGlobalSection
EndGlobal
